
Microsoft Visual Studio Solution File, Format Version 12.00
# Visual Studio Version 16
VisualStudioVersion = 16.0.28803.352
MinimumVisualStudioVersion = 10.0.40219.1
Project("{9A19103F-16F7-4668-BE54-9A1E7A4F7556}") = "Algorithm", "Algorithm\Algorithm.csproj", "{E2BFA540-F6F2-4B23-8DCD-FD15ACC50CEC}"
EndProject
Project("{9A19103F-16F7-4668-BE54-9A1E7A4F7556}") = "AlgorithmTest", "AlgTests\AlgorithmTest.csproj", "{84ECF85A-7AFF-409E-9CF1-B18072DD68CF}"
EndProject
Global
	GlobalSection(SolutionConfigurationPlatforms) = preSolution
		Debug|Any CPU = Debug|Any CPU
		Release|Any CPU = Release|Any CPU
	EndGlobalSection
	GlobalSection(ProjectConfigurationPlatforms) = postSolution
		{E2BFA540-F6F2-4B23-8DCD-FD15ACC50CEC}.Debug|Any CPU.ActiveCfg = Debug|Any CPU
		{E2BFA540-F6F2-4B23-8DCD-FD15ACC50CEC}.Debug|Any CPU.Build.0 = Debug|Any CPU
		{E2BFA540-F6F2-4B23-8DCD-FD15ACC50CEC}.Release|Any CPU.ActiveCfg = Release|Any CPU
		{E2BFA540-F6F2-4B23-8DCD-FD15ACC50CEC}.Release|Any CPU.Build.0 = Release|Any CPU
		{84ECF85A-7AFF-409E-9CF1-B18072DD68CF}.Debug|Any CPU.ActiveCfg = Debug|Any CPU
		{84ECF85A-7AFF-409E-9CF1-B18072DD68CF}.Debug|Any CPU.Build.0 = Debug|Any CPU
		{84ECF85A-7AFF-409E-9CF1-B18072DD68CF}.Release|Any CPU.ActiveCfg = Release|Any CPU
		{84ECF85A-7AFF-409E-9CF1-B18072DD68CF}.Release|Any CPU.Build.0 = Release|Any CPU
	EndGlobalSection
	GlobalSection(SolutionProperties) = preSolution
		HideSolutionNode = FALSE
	EndGlobalSection
	GlobalSection(ExtensibilityGlobals) = postSolution
		SolutionGuid = {A687D503-B57F-4C46-B324-11012B973CAB}
	EndGlobalSection
EndGlobal
